
Microsoft Visual Studio Solution File, Format Version 12.00
# Visual Studio 15
VisualStudioVersion = 15.0.27428.2027
MinimumVisualStudioVersion = 10.0.40219.1
Project("{FAE04EC0-301F-11D3-BF4B-00C04F79EFBC}") = "SortAlgorithms", "SortAlgorithms\SortAlgorithms.csproj", "{CF455000-5E17-4A2F-B6A4-D6E24B671C75}"
EndProject
Project("{FAE04EC0-301F-11D3-BF4B-00C04F79EFBC}") = "SearchAlgorithms", "SearchAlgorithms\SearchAlgorithms.csproj", "{375D0311-6B00-4A1B-9E10-5972D986A511}"
EndProject
Project("{FAE04EC0-301F-11D3-BF4B-00C04F79EFBC}") = "ArrayAlgorithms", "ArrayAlgorithms\ArrayAlgorithms.csproj", "{186554EA-EB01-4155-90D0-1C26AE71D20F}"
EndProject
Project("{FAE04EC0-301F-11D3-BF4B-00C04F79EFBC}") = "Misc", "Misc\Misc.csproj", "{164660E3-6010-4909-AE94-410795F9D378}"
EndProject
Project("{FAE04EC0-301F-11D3-BF4B-00C04F79EFBC}") = "NumberAlgorithms", "NumberAlgorithms\NumberAlgorithms.csproj", "{289DB30B-4FD0-4B46-9B6B-51C850D72BA6}"
EndProject
Project("{FAE04EC0-301F-11D3-BF4B-00C04F79EFBC}") = "RecursionAlgorithms", "RecursionAlgorithms\RecursionAlgorithms.csproj", "{31F680CA-ABAA-4C3C-994F-C4ECD9661B87}"
EndProject
Project("{FAE04EC0-301F-11D3-BF4B-00C04F79EFBC}") = "Graph", "Graph\Graph.csproj", "{59F2C034-3C9E-4E0A-B083-9A3B6E360997}"
EndProject
Project("{FAE04EC0-301F-11D3-BF4B-00C04F79EFBC}") = "DesignPattern", "DesignPattern\DesignPattern.csproj", "{524BF1DB-A268-4053-8C9E-E18F3361D3F1}"
EndProject
Project("{FAE04EC0-301F-11D3-BF4B-00C04F79EFBC}") = "DataStructureAlgorithms", "DataStructureAlgorithms\DataStructureAlgorithms.csproj", "{C2F343DF-E71F-4040-AE95-9B23B4606D1B}"
EndProject
Project("{FAE04EC0-301F-11D3-BF4B-00C04F79EFBC}") = "UnitTest", "UnitTest\UnitTest.csproj", "{2D9AFBEA-8480-4240-B7E5-49A4B90B9822}"
EndProject
Project("{FAE04EC0-301F-11D3-BF4B-00C04F79EFBC}") = "Fundamentals", "Fundamentals\Fundamentals.csproj", "{C67B4D79-8A0C-4174-9D7C-DA59675127F5}"
EndProject
Global
	GlobalSection(SolutionConfigurationPlatforms) = preSolution
		Debug|Any CPU = Debug|Any CPU
		Release|Any CPU = Release|Any CPU
	EndGlobalSection
	GlobalSection(ProjectConfigurationPlatforms) = postSolution
		{CF455000-5E17-4A2F-B6A4-D6E24B671C75}.Debug|Any CPU.ActiveCfg = Debug|Any CPU
		{CF455000-5E17-4A2F-B6A4-D6E24B671C75}.Debug|Any CPU.Build.0 = Debug|Any CPU
		{CF455000-5E17-4A2F-B6A4-D6E24B671C75}.Release|Any CPU.ActiveCfg = Release|Any CPU
		{CF455000-5E17-4A2F-B6A4-D6E24B671C75}.Release|Any CPU.Build.0 = Release|Any CPU
		{375D0311-6B00-4A1B-9E10-5972D986A511}.Debug|Any CPU.ActiveCfg = Debug|Any CPU
		{375D0311-6B00-4A1B-9E10-5972D986A511}.Debug|Any CPU.Build.0 = Debug|Any CPU
		{375D0311-6B00-4A1B-9E10-5972D986A511}.Release|Any CPU.ActiveCfg = Release|Any CPU
		{375D0311-6B00-4A1B-9E10-5972D986A511}.Release|Any CPU.Build.0 = Release|Any CPU
		{186554EA-EB01-4155-90D0-1C26AE71D20F}.Debug|Any CPU.ActiveCfg = Debug|Any CPU
		{186554EA-EB01-4155-90D0-1C26AE71D20F}.Debug|Any CPU.Build.0 = Debug|Any CPU
		{186554EA-EB01-4155-90D0-1C26AE71D20F}.Release|Any CPU.ActiveCfg = Release|Any CPU
		{186554EA-EB01-4155-90D0-1C26AE71D20F}.Release|Any CPU.Build.0 = Release|Any CPU
		{164660E3-6010-4909-AE94-410795F9D378}.Debug|Any CPU.ActiveCfg = Debug|Any CPU
		{164660E3-6010-4909-AE94-410795F9D378}.Debug|Any CPU.Build.0 = Debug|Any CPU
		{164660E3-6010-4909-AE94-410795F9D378}.Release|Any CPU.ActiveCfg = Release|Any CPU
		{164660E3-6010-4909-AE94-410795F9D378}.Release|Any CPU.Build.0 = Release|Any CPU
		{289DB30B-4FD0-4B46-9B6B-51C850D72BA6}.Debug|Any CPU.ActiveCfg = Debug|Any CPU
		{289DB30B-4FD0-4B46-9B6B-51C850D72BA6}.Debug|Any CPU.Build.0 = Debug|Any CPU
		{289DB30B-4FD0-4B46-9B6B-51C850D72BA6}.Release|Any CPU.ActiveCfg = Release|Any CPU
		{289DB30B-4FD0-4B46-9B6B-51C850D72BA6}.Release|Any CPU.Build.0 = Release|Any CPU
		{31F680CA-ABAA-4C3C-994F-C4ECD9661B87}.Debug|Any CPU.ActiveCfg = Debug|Any CPU
		{31F680CA-ABAA-4C3C-994F-C4ECD9661B87}.Debug|Any CPU.Build.0 = Debug|Any CPU
		{31F680CA-ABAA-4C3C-994F-C4ECD9661B87}.Release|Any CPU.ActiveCfg = Release|Any CPU
		{31F680CA-ABAA-4C3C-994F-C4ECD9661B87}.Release|Any CPU.Build.0 = Release|Any CPU
		{59F2C034-3C9E-4E0A-B083-9A3B6E360997}.Debug|Any CPU.ActiveCfg = Debug|Any CPU
		{59F2C034-3C9E-4E0A-B083-9A3B6E360997}.Debug|Any CPU.Build.0 = Debug|Any CPU
		{59F2C034-3C9E-4E0A-B083-9A3B6E360997}.Release|Any CPU.ActiveCfg = Release|Any CPU
		{59F2C034-3C9E-4E0A-B083-9A3B6E360997}.Release|Any CPU.Build.0 = Release|Any CPU
		{524BF1DB-A268-4053-8C9E-E18F3361D3F1}.Debug|Any CPU.ActiveCfg = Debug|Any CPU
		{524BF1DB-A268-4053-8C9E-E18F3361D3F1}.Debug|Any CPU.Build.0 = Debug|Any CPU
		{524BF1DB-A268-4053-8C9E-E18F3361D3F1}.Release|Any CPU.ActiveCfg = Release|Any CPU
		{524BF1DB-A268-4053-8C9E-E18F3361D3F1}.Release|Any CPU.Build.0 = Release|Any CPU
		{C2F343DF-E71F-4040-AE95-9B23B4606D1B}.Debug|Any CPU.ActiveCfg = Debug|Any CPU
		{C2F343DF-E71F-4040-AE95-9B23B4606D1B}.Debug|Any CPU.Build.0 = Debug|Any CPU
		{C2F343DF-E71F-4040-AE95-9B23B4606D1B}.Release|Any CPU.ActiveCfg = Release|Any CPU
		{C2F343DF-E71F-4040-AE95-9B23B4606D1B}.Release|Any CPU.Build.0 = Release|Any CPU
		{2D9AFBEA-8480-4240-B7E5-49A4B90B9822}.Debug|Any CPU.ActiveCfg = Debug|Any CPU
		{2D9AFBEA-8480-4240-B7E5-49A4B90B9822}.Debug|Any CPU.Build.0 = Debug|Any CPU
		{2D9AFBEA-8480-4240-B7E5-49A4B90B9822}.Release|Any CPU.ActiveCfg = Release|Any CPU
		{2D9AFBEA-8480-4240-B7E5-49A4B90B9822}.Release|Any CPU.Build.0 = Release|Any CPU
		{C67B4D79-8A0C-4174-9D7C-DA59675127F5}.Debug|Any CPU.ActiveCfg = Debug|Any CPU
		{C67B4D79-8A0C-4174-9D7C-DA59675127F5}.Debug|Any CPU.Build.0 = Debug|Any CPU
		{C67B4D79-8A0C-4174-9D7C-DA59675127F5}.Release|Any CPU.ActiveCfg = Release|Any CPU
		{C67B4D79-8A0C-4174-9D7C-DA59675127F5}.Release|Any CPU.Build.0 = Release|Any CPU
	EndGlobalSection
	GlobalSection(SolutionProperties) = preSolution
		HideSolutionNode = FALSE
	EndGlobalSection
	GlobalSection(ExtensibilityGlobals) = postSolution
		SolutionGuid = {E6836930-F247-4107-9BD7-F6C601DFD1C2}
	EndGlobalSection
EndGlobal
